lockfileVersion: 5.3

specifiers:
  flow-bin: ^0.158.0
  flow-remove-types: ^2.158.0

devDependencies:
  flow-bin: 0.158.0
  flow-remove-types: 2.158.0

packages:

  /flow-bin/0.158.0:
    resolution: {integrity: sha512-Gk5md8XTwk/M+J5M+rFyS1LJfFen6ldY60jM9+meWixlKf4b0vwdoUO8R7oo471pze+GY+blrnskUeqLDxFJfg==}
    engines: {node: '>=0.10.0'}
    hasBin: true
    dev: true

  /flow-parser/0.158.0:
    resolution: {integrity: sha512-0hMsPkBTRrkII/0YiG9ehOxFXy4gOWdk8RSRze5WbfeKAQpL5kC2K4BmumyTfU9o5gr7/llgElF3UpSSrjzQAA==}
    engines: {node: '>=0.4.0'}
    dev: true

  /flow-remove-types/2.158.0:
    resolution: {integrity: sha512-mLDU+B2LuiCg0KA9V0A5OdgI5evugWlHKqG+GLlNIrtOPEPO497p3PJAUxGD3SR+gJmtxCDdgL+qLZnw5op9bA==}
    engines: {node: '>=4'}
    hasBin: true
    dependencies:
      flow-parser: 0.158.0
      pirates: 3.0.2
      vlq: 0.2.3
    dev: true

  /node-modules-regexp/1.0.0:
    resolution: {integrity: sha1-jZ2+KJZKSsVxLpExZCEHxx6Q7EA=}
    engines: {node: '>=0.10.0'}
    dev: true

  /pirates/3.0.2:
    resolution: {integrity: sha512-c5CgUJq6H2k6MJz72Ak1F5sN9n9wlSlJyEnwvpm9/y3WB4E3pHBDT2c6PEiS1vyJvq2bUxUAIu0EGf8Cx4Ic7Q==}
    engines: {node: '>= 4'}
    dependencies:
      node-modules-regexp: 1.0.0
    dev: true

  /vlq/0.2.3:
    resolution: {integrity: sha512-DRibZL6DsNhIgYQ+wNdWDL2SL3bKPlVrRiBqV5yuMm++op8W4kGFtaQfCs4KEJn0wBZcHVHJ3eoywX8983k1ow==}
    dev: true
